
Microsoft Visual Studio Solution File, Format Version 12.00
# Visual Studio 15
VisualStudioVersion = 15.0.27703.2000
MinimumVisualStudioVersion = 10.0.40219.1
Project("{FAE04EC0-301F-11D3-BF4B-00C04F79EFBC}") = "Home Media Server", "Home Media Server\Home Media Server.csproj", "{66603DCC-0801-4779-B61B-A2CAD47FE412}"
EndProject
Global
	GlobalSection(SolutionConfigurationPlatforms) = preSolution
		Debug|Any CPU = Debug|Any CPU
		Release|Any CPU = Release|Any CPU
	EndGlobalSection
	GlobalSection(ProjectConfigurationPlatforms) = postSolution
		{66603DCC-0801-4779-B61B-A2CAD47FE412}.Debug|Any CPU.ActiveCfg = Debug|Any CPU
		{66603DCC-0801-4779-B61B-A2CAD47FE412}.Debug|Any CPU.Build.0 = Debug|Any CPU
		{66603DCC-0801-4779-B61B-A2CAD47FE412}.Release|Any CPU.ActiveCfg = Release|Any CPU
		{66603DCC-0801-4779-B61B-A2CAD47FE412}.Release|Any CPU.Build.0 = Release|Any CPU
	EndGlobalSection
	GlobalSection(SolutionProperties) = preSolution
		HideSolutionNode = FALSE
	EndGlobalSection
	GlobalSection(ExtensibilityGlobals) = postSolution
		SolutionGuid = {80C58002-21D5-4036-A324-96EFEDB8A652}
	EndGlobalSection
EndGlobal
